
Microsoft Visual Studio Solution File, Format Version 12.00
# Visual Studio Version 16
VisualStudioVersion = 16.0.29613.14
MinimumVisualStudioVersion = 10.0.40219.1
Project("{2150E333-8FDC-42A3-9474-1A3956D46DE8}") = "Microservices", "Microservices", "{280150E2-425C-4B54-98FD-900AD12934C2}"
EndProject
Project("{2150E333-8FDC-42A3-9474-1A3956D46DE8}") = "Presentation", "Presentation", "{9E5BF7AB-9BED-4378-8239-FBC64B1209DC}"
EndProject
Project("{2150E333-8FDC-42A3-9474-1A3956D46DE8}") = "VideoRental", "VideoRental", "{1418C4D7-7BB0-4288-80F1-51DE02C74219}"
EndProject
Project("{2150E333-8FDC-42A3-9474-1A3956D46DE8}") = "Api", "Api", "{6A235EEA-7DBC-4E36-BCB4-FE7019D22DBF}"
EndProject
Project("{2150E333-8FDC-42A3-9474-1A3956D46DE8}") = "Data", "Data", "{6C43C688-6F22-41B4-BE08-ABC832DF6424}"
EndProject
Project("{2150E333-8FDC-42A3-9474-1A3956D46DE8}") = "Domain", "Domain", "{1E1A664F-D58C-434C-98BF-A03149038992}"
EndProject
Project("{2150E333-8FDC-42A3-9474-1A3956D46DE8}") = "Services", "Services", "{4358482E-230E-4B97-98CA-70543607A4D7}"
EndProject
Project("{FAE04EC0-301F-11D3-BF4B-00C04F79EFBC}") = "VideoRental.Data", "VideoRental.Data\VideoRental.Data.csproj", "{984EAF04-9C6D-4496-970C-B2EC815CF27E}"
EndProject
Project("{FAE04EC0-301F-11D3-BF4B-00C04F79EFBC}") = "VideoRental.Api", "VideoRental.Api\VideoRental.Api.csproj", "{1F9BF1BD-6AF8-499A-8F42-06437CB28FD9}"
EndProject
Project("{FAE04EC0-301F-11D3-BF4B-00C04F79EFBC}") = "VideoRental.Domain", "VideoRental.Domain\VideoRental.Domain.csproj", "{5668F57B-8B02-456C-836B-F8DF1E7A94A0}"
EndProject
Project("{FAE04EC0-301F-11D3-BF4B-00C04F79EFBC}") = "VideoRental.Services", "VideoRental.Services\VideoRental.Services.csproj", "{7C4215C0-EC84-47D3-B56F-4A3649069982}"
EndProject
Project("{FAE04EC0-301F-11D3-BF4B-00C04F79EFBC}") = "VideoRental.Web", "VideoRental.Web\VideoRental.Web.csproj", "{CE8D40DA-F126-4FE3-90CA-A58001847848}"
EndProject
Global
	GlobalSection(SolutionConfigurationPlatforms) = preSolution
		Debug|Any CPU = Debug|Any CPU
		Release|Any CPU = Release|Any CPU
	EndGlobalSection
	GlobalSection(ProjectConfigurationPlatforms) = postSolution
		{984EAF04-9C6D-4496-970C-B2EC815CF27E}.Debug|Any CPU.ActiveCfg = Debug|Any CPU
		{984EAF04-9C6D-4496-970C-B2EC815CF27E}.Debug|Any CPU.Build.0 = Debug|Any CPU
		{984EAF04-9C6D-4496-970C-B2EC815CF27E}.Release|Any CPU.ActiveCfg = Release|Any CPU
		{984EAF04-9C6D-4496-970C-B2EC815CF27E}.Release|Any CPU.Build.0 = Release|Any CPU
		{1F9BF1BD-6AF8-499A-8F42-06437CB28FD9}.Debug|Any CPU.ActiveCfg = Debug|Any CPU
		{1F9BF1BD-6AF8-499A-8F42-06437CB28FD9}.Debug|Any CPU.Build.0 = Debug|Any CPU
		{1F9BF1BD-6AF8-499A-8F42-06437CB28FD9}.Release|Any CPU.ActiveCfg = Release|Any CPU
		{1F9BF1BD-6AF8-499A-8F42-06437CB28FD9}.Release|Any CPU.Build.0 = Release|Any CPU
		{5668F57B-8B02-456C-836B-F8DF1E7A94A0}.Debug|Any CPU.ActiveCfg = Debug|Any CPU
		{5668F57B-8B02-456C-836B-F8DF1E7A94A0}.Debug|Any CPU.Build.0 = Debug|Any CPU
		{5668F57B-8B02-456C-836B-F8DF1E7A94A0}.Release|Any CPU.ActiveCfg = Release|Any CPU
		{5668F57B-8B02-456C-836B-F8DF1E7A94A0}.Release|Any CPU.Build.0 = Release|Any CPU
		{7C4215C0-EC84-47D3-B56F-4A3649069982}.Debug|Any CPU.ActiveCfg = Debug|Any CPU
		{7C4215C0-EC84-47D3-B56F-4A3649069982}.Debug|Any CPU.Build.0 = Debug|Any CPU
		{7C4215C0-EC84-47D3-B56F-4A3649069982}.Release|Any CPU.ActiveCfg = Release|Any CPU
		{7C4215C0-EC84-47D3-B56F-4A3649069982}.Release|Any CPU.Build.0 = Release|Any CPU
		{CE8D40DA-F126-4FE3-90CA-A58001847848}.Debug|Any CPU.ActiveCfg = Debug|Any CPU
		{CE8D40DA-F126-4FE3-90CA-A58001847848}.Debug|Any CPU.Build.0 = Debug|Any CPU
		{CE8D40DA-F126-4FE3-90CA-A58001847848}.Release|Any CPU.ActiveCfg = Release|Any CPU
		{CE8D40DA-F126-4FE3-90CA-A58001847848}.Release|Any CPU.Build.0 = Release|Any CPU
	EndGlobalSection
	GlobalSection(SolutionProperties) = preSolution
		HideSolutionNode = FALSE
	EndGlobalSection
	GlobalSection(NestedProjects) = preSolution
		{1418C4D7-7BB0-4288-80F1-51DE02C74219} = {280150E2-425C-4B54-98FD-900AD12934C2}
		{6A235EEA-7DBC-4E36-BCB4-FE7019D22DBF} = {1418C4D7-7BB0-4288-80F1-51DE02C74219}
		{6C43C688-6F22-41B4-BE08-ABC832DF6424} = {1418C4D7-7BB0-4288-80F1-51DE02C74219}
		{1E1A664F-D58C-434C-98BF-A03149038992} = {1418C4D7-7BB0-4288-80F1-51DE02C74219}
		{4358482E-230E-4B97-98CA-70543607A4D7} = {1418C4D7-7BB0-4288-80F1-51DE02C74219}
		{984EAF04-9C6D-4496-970C-B2EC815CF27E} = {6C43C688-6F22-41B4-BE08-ABC832DF6424}
		{1F9BF1BD-6AF8-499A-8F42-06437CB28FD9} = {6A235EEA-7DBC-4E36-BCB4-FE7019D22DBF}
		{5668F57B-8B02-456C-836B-F8DF1E7A94A0} = {1E1A664F-D58C-434C-98BF-A03149038992}
		{7C4215C0-EC84-47D3-B56F-4A3649069982} = {4358482E-230E-4B97-98CA-70543607A4D7}
		{CE8D40DA-F126-4FE3-90CA-A58001847848} = {9E5BF7AB-9BED-4378-8239-FBC64B1209DC}
	EndGlobalSection
	GlobalSection(ExtensibilityGlobals) = postSolution
		SolutionGuid = {69D9D39E-854C-41AA-80EF-D27F1746A31B}
	EndGlobalSection
EndGlobal
